
Microsoft Visual Studio Solution File, Format Version 12.00
# Visual Studio 14
VisualStudioVersion = 14.0.24720.0
MinimumVisualStudioVersion = 10.0.40219.1
Project("{FAE04EC0-301F-11D3-BF4B-00C04F79EFBC}") = "DAW-oras", "DAW-oras\DAW-oras.csproj", "{215B40A0-5871-43B2-8986-AADBC4F31E36}"
EndProject
Global
	GlobalSection(SolutionConfigurationPlatforms) = preSolution
		Debug|Any CPU = Debug|Any CPU
		Release|Any CPU = Release|Any CPU
	EndGlobalSection
	GlobalSection(ProjectConfigurationPlatforms) = postSolution
		{215B40A0-5871-43B2-8986-AADBC4F31E36}.Debug|Any CPU.ActiveCfg = Debug|Any CPU
		{215B40A0-5871-43B2-8986-AADBC4F31E36}.Debug|Any CPU.Build.0 = Debug|Any CPU
		{215B40A0-5871-43B2-8986-AADBC4F31E36}.Release|Any CPU.ActiveCfg = Release|Any CPU
		{215B40A0-5871-43B2-8986-AADBC4F31E36}.Release|Any CPU.Build.0 = Release|Any CPU
	EndGlobalSection
	GlobalSection(SolutionProperties) = preSolution
		HideSolutionNode = FALSE
	EndGlobalSection
EndGlobal
