
Microsoft Visual Studio Solution File, Format Version 12.00
# Visual Studio 15
VisualStudioVersion = 15.0.28307.489
MinimumVisualStudioVersion = 10.0.40219.1
Project("{9A19103F-16F7-4668-BE54-9A1E7A4F7556}") = "WebMoviesAngular", "WebMoviesAngular\WebMoviesAngular.csproj", "{EC030784-009D-4C45-9EC6-56917BD5B039}"
EndProject
Project("{2150E333-8FDC-42A3-9474-1A3956D46DE8}") = "Solution Items", "Solution Items", "{C5795594-A82A-4204-84A0-1502D317ACCD}"
EndProject
Global
	GlobalSection(SolutionConfigurationPlatforms) = preSolution
		Debug|Any CPU = Debug|Any CPU
		Release|Any CPU = Release|Any CPU
	EndGlobalSection
	GlobalSection(ProjectConfigurationPlatforms) = postSolution
		{EC030784-009D-4C45-9EC6-56917BD5B039}.Debug|Any CPU.ActiveCfg = Debug|Any CPU
		{EC030784-009D-4C45-9EC6-56917BD5B039}.Debug|Any CPU.Build.0 = Debug|Any CPU
		{EC030784-009D-4C45-9EC6-56917BD5B039}.Release|Any CPU.ActiveCfg = Release|Any CPU
		{EC030784-009D-4C45-9EC6-56917BD5B039}.Release|Any CPU.Build.0 = Release|Any CPU
	EndGlobalSection
	GlobalSection(SolutionProperties) = preSolution
		HideSolutionNode = FALSE
	EndGlobalSection
	GlobalSection(ExtensibilityGlobals) = postSolution
		SolutionGuid = {50B3E712-4EDA-4616-BE8F-20366E6DBA51}
	EndGlobalSection
EndGlobal
